# THIS IS AN AUTOGENERATED FILE. DO NOT EDIT THIS FILE DIRECTLY.
# yarn lockfile v1


"@ethereumjs/block@^3.5.0", "@ethereumjs/block@^3.6.2":
  version "3.6.2"
  resolved "https://registry.npmjs.org/@ethereumjs/block/-/block-3.6.2.tgz"
  integrity sha512-mOqYWwMlAZpYUEOEqt7EfMFuVL2eyLqWWIzcf4odn6QgXY8jBI2NhVuJncrMCKeMZrsJAe7/auaRRB6YcdH+Qw==
  dependencies:
    "@ethereumjs/common" "^2.6.3"
    "@ethereumjs/tx" "^3.5.1"
    ethereumjs-util "^7.1.4"
    merkle-patricia-tree "^4.2.4"

"@ethereumjs/blockchain@^5.5.2":
  version "5.5.2"
  resolved "https://registry.npmjs.org/@ethereumjs/blockchain/-/blockchain-5.5.2.tgz"
  integrity sha512-Jz26iJmmsQtngerW6r5BDFaew/f2mObLrRZo3rskLOx1lmtMZ8+TX/vJexmivrnWgmAsTdNWhlKUYY4thPhPig==
  dependencies:
    "@ethereumjs/block" "^3.6.2"
    "@ethereumjs/common" "^2.6.3"
    "@ethereumjs/ethash" "^1.1.0"
    debug "^4.3.3"
    ethereumjs-util "^7.1.4"
    level-mem "^5.0.1"
    lru-cache "^5.1.1"
    semaphore-async-await "^1.5.1"

"@ethereumjs/common@^2.6.3", "@ethereumjs/common@^2.6.4":
  version "2.6.4"
  resolved "https://registry.npmjs.org/@ethereumjs/common/-/common-2.6.4.tgz"
  integrity sha512-RDJh/R/EAr+B7ZRg5LfJ0BIpf/1LydFgYdvZEuTraojCbVypO2sQ+QnpP5u2wJf9DASyooKqu8O4FJEWUV6NXw==
  dependencies:
    crc-32 "^1.2.0"
    ethereumjs-util "^7.1.4"

"@ethereumjs/ethash@^1.1.0":
  version "1.1.0"
  resolved "https://registry.npmjs.org/@ethereumjs/ethash/-/ethash-1.1.0.tgz"
  integrity sha512-/U7UOKW6BzpA+Vt+kISAoeDie1vAvY4Zy2KF5JJb+So7+1yKmJeJEHOGSnQIj330e9Zyl3L5Nae6VZyh2TJnAA==
  dependencies:
    "@ethereumjs/block" "^3.5.0"
    "@types/levelup" "^4.3.0"
    buffer-xor "^2.0.1"
    ethereumjs-util "^7.1.1"
    miller-rabin "^4.0.0"

"@ethereumjs/tx@^3.5.1":
  version "3.5.1"
  resolved "https://registry.npmjs.org/@ethereumjs/tx/-/tx-3.5.1.tgz"
  integrity sha512-xzDrTiu4sqZXUcaBxJ4n4W5FrppwxLxZB4ZDGVLtxSQR4lVuOnFR6RcUHdg1mpUhAPVrmnzLJpxaeXnPxIyhWA==
  dependencies:
    "@ethereumjs/common" "^2.6.3"
    ethereumjs-util "^7.1.4"

"@ethereumjs/vm@^5.8.0":
  version "5.9.0"
  resolved "https://registry.npmjs.org/@ethereumjs/vm/-/vm-5.9.0.tgz"
  integrity sha512-0IRsj4IuF8lFDWVVLc4mFOImaSX8VWF8CGm3mXHG/LLlQ/Tryy/kKXMw/bU9D+Zw03CdteW+wCGqNFS6+mPjpg==
  dependencies:
    "@ethereumjs/block" "^3.6.2"
    "@ethereumjs/blockchain" "^5.5.2"
    "@ethereumjs/common" "^2.6.4"
    "@ethereumjs/tx" "^3.5.1"
    async-eventemitter "^0.2.4"
    core-js-pure "^3.0.1"
    debug "^4.3.3"
    ethereumjs-util "^7.1.4"
    functional-red-black-tree "^1.0.1"
    mcl-wasm "^0.7.1"
    merkle-patricia-tree "^4.2.4"
    rustbn.js "~0.2.0"

"@ethersproject/abi@^5.6.0":
  version "5.6.3"
  resolved "https://registry.npmjs.org/@ethersproject/abi/-/abi-5.6.3.tgz"
  integrity sha512-CxKTdoZY4zDJLWXG6HzNH6znWK0M79WzzxHegDoecE3+K32pzfHOzuXg2/oGSTecZynFgpkjYXNPOqXVJlqClw==
  dependencies:
    "@ethersproject/address" "^5.6.1"
    "@ethersproject/bignumber" "^5.6.2"
    "@ethersproject/bytes" "^5.6.1"
    "@ethersproject/constants" "^5.6.1"
    "@ethersproject/hash" "^5.6.1"
    "@ethersproject/keccak256" "^5.6.1"
    "@ethersproject/logger" "^5.6.0"
    "@ethersproject/properties" "^5.6.0"
    "@ethersproject/strings" "^5.6.1"

"@ethersproject/abstract-provider@^5.6.1":
  version "5.6.1"
  resolved "https://registry.npmjs.org/@ethersproject/abstract-provider/-/abstract-provider-5.6.1.tgz"
  integrity sha512-BxlIgogYJtp1FS8Muvj8YfdClk3unZH0vRMVX791Z9INBNT/kuACZ9GzaY1Y4yFq+YSy6/w4gzj3HCRKrK9hsQ==
  dependencies:
    "@ethersproject/bignumber" "^5.6.2"
    "@ethersproject/bytes" "^5.6.1"
    "@ethersproject/logger" "^5.6.0"
    "@ethersproject/networks" "^5.6.3"
    "@ethersproject/properties" "^5.6.0"
    "@ethersproject/transactions" "^5.6.2"
    "@ethersproject/web" "^5.6.1"

"@ethersproject/abstract-signer@^5.6.2":
  version "5.6.2"
  resolved "https://registry.npmjs.org/@ethersproject/abstract-signer/-/abstract-signer-5.6.2.tgz"
  integrity sha512-n1r6lttFBG0t2vNiI3HoWaS/KdOt8xyDjzlP2cuevlWLG6EX0OwcKLyG/Kp/cuwNxdy/ous+R/DEMdTUwWQIjQ==
  dependencies:
    "@ethersproject/abstract-provider" "^5.6.1"
    "@ethersproject/bignumber" "^5.6.2"
    "@ethersproject/bytes" "^5.6.1"
    "@ethersproject/logger" "^5.6.0"
    "@ethersproject/properties" "^5.6.0"

"@ethersproject/address@^5.6.1":
  version "5.6.1"
  resolved "https://registry.npmjs.org/@ethersproject/address/-/address-5.6.1.tgz"
  integrity sha512-uOgF0kS5MJv9ZvCz7x6T2EXJSzotiybApn4XlOgoTX0xdtyVIJ7pF+6cGPxiEq/dpBiTfMiw7Yc81JcwhSYA0Q==
  dependencies:
    "@ethersproject/bignumber" "^5.6.2"
    "@ethersproject/bytes" "^5.6.1"
    "@ethersproject/keccak256" "^5.6.1"
    "@ethersproject/logger" "^5.6.0"
    "@ethersproject/rlp" "^5.6.1"

"@ethersproject/base64@^5.6.1":
  version "5.6.1"
  resolved "https://registry.npmjs.org/@ethersproject/base64/-/base64-5.6.1.tgz"
  integrity sha512-qB76rjop6a0RIYYMiB4Eh/8n+Hxu2NIZm8S/Q7kNo5pmZfXhHGHmS4MinUainiBC54SCyRnwzL+KZjj8zbsSsw==
  dependencies:
    "@ethersproject/bytes" "^5.6.1"

"@ethersproject/bignumber@^5.6.2":
  version "5.6.2"
  resolved "https://registry.npmjs.org/@ethersproject/bignumber/-/bignumber-5.6.2.tgz"
  integrity sha512-v7+EEUbhGqT3XJ9LMPsKvXYHFc8eHxTowFCG/HgJErmq4XHJ2WR7aeyICg3uTOAQ7Icn0GFHAohXEhxQHq4Ubw==
  dependencies:
    "@ethersproject/bytes" "^5.6.1"
    "@ethersproject/logger" "^5.6.0"
    bn.js "^5.2.1"

"@ethersproject/bytes@^5.6.1":
  version "5.6.1"
  resolved "https://registry.npmjs.org/@ethersproject/bytes/-/bytes-5.6.1.tgz"
  integrity sha512-NwQt7cKn5+ZE4uDn+X5RAXLp46E1chXoaMmrxAyA0rblpxz8t58lVkrHXoRIn0lz1joQElQ8410GqhTqMOwc6g==
  dependencies:
    "@ethersproject/logger" "^5.6.0"

"@ethersproject/constants@^5.6.1":
  version "5.6.1"
  resolved "https://registry.npmjs.org/@ethersproject/constants/-/constants-5.6.1.tgz"
  integrity sha512-QSq9WVnZbxXYFftrjSjZDUshp6/eKp6qrtdBtUCm0QxCV5z1fG/w3kdlcsjMCQuQHUnAclKoK7XpXMezhRDOLg==
  dependencies:
    "@ethersproject/bignumber" "^5.6.2"

"@ethersproject/hash@^5.6.1":
  version "5.6.1"
  resolved "https://registry.npmjs.org/@ethersproject/hash/-/hash-5.6.1.tgz"
  integrity sha512-L1xAHurbaxG8VVul4ankNX5HgQ8PNCTrnVXEiFnE9xoRnaUcgfD12tZINtDinSllxPLCtGwguQxJ5E6keE84pA==
  dependencies:
    "@ethersproject/abstract-signer" "^5.6.2"
    "@ethersproject/address" "^5.6.1"
    "@ethersproject/bignumber" "^5.6.2"
    "@ethersproject/bytes" "^5.6.1"
    "@ethersproject/keccak256" "^5.6.1"
    "@ethersproject/logger" "^5.6.0"
    "@ethersproject/properties" "^5.6.0"
    "@ethersproject/strings" "^5.6.1"

"@ethersproject/keccak256@^5.6.1":
  version "5.6.1"
  resolved "https://registry.npmjs.org/@ethersproject/keccak256/-/keccak256-5.6.1.tgz"
  integrity sha512-bB7DQHCTRDooZZdL3lk9wpL0+XuG3XLGHLh3cePnybsO3V0rdCAOQGpn/0R3aODmnTOOkCATJiD2hnL+5bwthA==
  dependencies:
    "@ethersproject/bytes" "^5.6.1"
    js-sha3 "0.8.0"

"@ethersproject/logger@^5.6.0":
  version "5.6.0"
  resolved "https://registry.npmjs.org/@ethersproject/logger/-/logger-5.6.0.tgz"
  integrity sha512-BiBWllUROH9w+P21RzoxJKzqoqpkyM1pRnEKG69bulE9TSQD8SAIvTQqIMZmmCO8pUNkgLP1wndX1gKghSpBmg==

"@ethersproject/networks@^5.6.3":
  version "5.6.3"
  resolved "https://registry.npmjs.org/@ethersproject/networks/-/networks-5.6.3.tgz"
  integrity sha512-QZxRH7cA5Ut9TbXwZFiCyuPchdWi87ZtVNHWZd0R6YFgYtes2jQ3+bsslJ0WdyDe0i6QumqtoYqvY3rrQFRZOQ==
  dependencies:
    "@ethersproject/logger" "^5.6.0"

"@ethersproject/properties@^5.6.0":
  version "5.6.0"
  resolved "https://registry.npmjs.org/@ethersproject/properties/-/properties-5.6.0.tgz"
  integrity sha512-szoOkHskajKePTJSZ46uHUWWkbv7TzP2ypdEK6jGMqJaEt2sb0jCgfBo0gH0m2HBpRixMuJ6TBRaQCF7a9DoCg==
  dependencies:
    "@ethersproject/logger" "^5.6.0"

"@ethersproject/rlp@^5.6.1":
  version "5.6.1"
  resolved "https://registry.npmjs.org/@ethersproject/rlp/-/rlp-5.6.1.tgz"
  integrity sha512-uYjmcZx+DKlFUk7a5/W9aQVaoEC7+1MOBgNtvNg13+RnuUwT4F0zTovC0tmay5SmRslb29V1B7Y5KCri46WhuQ==
  dependencies:
    "@ethersproject/bytes" "^5.6.1"
    "@ethersproject/logger" "^5.6.0"

"@ethersproject/signing-key@^5.6.2":
  version "5.6.2"
  resolved "https://registry.npmjs.org/@ethersproject/signing-key/-/signing-key-5.6.2.tgz"
  integrity sha512-jVbu0RuP7EFpw82vHcL+GP35+KaNruVAZM90GxgQnGqB6crhBqW/ozBfFvdeImtmb4qPko0uxXjn8l9jpn0cwQ==
  dependencies:
    "@ethersproject/bytes" "^5.6.1"
    "@ethersproject/logger" "^5.6.0"
    "@ethersproject/properties" "^5.6.0"
    bn.js "^5.2.1"
    elliptic "6.5.4"
    hash.js "1.1.7"

"@ethersproject/strings@^5.6.1":
  version "5.6.1"
  resolved "https://registry.npmjs.org/@ethersproject/strings/-/strings-5.6.1.tgz"
  integrity sha512-2X1Lgk6Jyfg26MUnsHiT456U9ijxKUybz8IM1Vih+NJxYtXhmvKBcHOmvGqpFSVJ0nQ4ZCoIViR8XlRw1v/+Cw==
  dependencies:
    "@ethersproject/bytes" "^5.6.1"
    "@ethersproject/constants" "^5.6.1"
    "@ethersproject/logger" "^5.6.0"

"@ethersproject/transactions@^5.6.2":
  version "5.6.2"
  resolved "https://registry.npmjs.org/@ethersproject/transactions/-/transactions-5.6.2.tgz"
  integrity sha512-BuV63IRPHmJvthNkkt9G70Ullx6AcM+SDc+a8Aw/8Yew6YwT51TcBKEp1P4oOQ/bP25I18JJr7rcFRgFtU9B2Q==
  dependencies:
    "@ethersproject/address" "^5.6.1"
    "@ethersproject/bignumber" "^5.6.2"
    "@ethersproject/bytes" "^5.6.1"
    "@ethersproject/constants" "^5.6.1"
    "@ethersproject/keccak256" "^5.6.1"
    "@ethersproject/logger" "^5.6.0"
    "@ethersproject/properties" "^5.6.0"
    "@ethersproject/rlp" "^5.6.1"
    "@ethersproject/signing-key" "^5.6.2"

"@ethersproject/web@^5.6.1":
  version "5.6.1"
  resolved "https://registry.npmjs.org/@ethersproject/web/-/web-5.6.1.tgz"
  integrity sha512-/vSyzaQlNXkO1WV+RneYKqCJwualcUdx/Z3gseVovZP0wIlOFcCE1hkRhKBH8ImKbGQbMl9EAAyJFrJu7V0aqA==
  dependencies:
    "@ethersproject/base64" "^5.6.1"
    "@ethersproject/bytes" "^5.6.1"
    "@ethersproject/logger" "^5.6.0"
    "@ethersproject/properties" "^5.6.0"
    "@ethersproject/strings" "^5.6.1"

"@openzeppelin/contracts@^4.5.0":
  version "4.6.0"
  resolved "https://registry.npmjs.org/@openzeppelin/contracts/-/contracts-4.6.0.tgz"
  integrity sha512-8vi4d50NNya/bQqCmaVzvHNmwHvS0OBKb7HNtuNwEE3scXWrP31fKQoGxNMT+KbzmrNZzatE3QK5p2gFONI/hg==

"@rari-capital/solmate@^6.2.0":
  version "6.4.0"
  resolved "https://registry.npmjs.org/@rari-capital/solmate/-/solmate-6.4.0.tgz"
  integrity sha512-BXWIHHbG5Zbgrxi0qVYe0Zs+bfx+XgOciVUACjuIApV0KzC0kY8XdO1higusIei/ZKCC+GUKdcdQZflxYPUTKQ==

"@types/abstract-leveldown@*":
  version "7.2.0"
  resolved "https://registry.npmjs.org/@types/abstract-leveldown/-/abstract-leveldown-7.2.0.tgz"
  integrity sha512-q5veSX6zjUy/DlDhR4Y4cU0k2Ar+DT2LUraP00T19WLmTO6Se1djepCCaqU6nQrwcJ5Hyo/CWqxTzrrFg8eqbQ==

"@types/bn.js@^5.1.0":
  version "5.1.0"
  resolved "https://registry.npmjs.org/@types/bn.js/-/bn.js-5.1.0.tgz"
  integrity sha512-QSSVYj7pYFN49kW77o2s9xTCwZ8F2xLbjLLSEVh8D2F4JUhZtPAGOFLTD+ffqksBx/u4cE/KImFjyhqCjn/LIA==
  dependencies:
    "@types/node" "*"

"@types/level-errors@*":
  version "3.0.0"
  resolved "https://registry.npmjs.org/@types/level-errors/-/level-errors-3.0.0.tgz"
  integrity sha512-/lMtoq/Cf/2DVOm6zE6ORyOM+3ZVm/BvzEZVxUhf6bgh8ZHglXlBqxbxSlJeVp8FCbD3IVvk/VbsaNmDjrQvqQ==

"@types/levelup@^4.3.0":
  version "4.3.3"
  resolved "https://registry.npmjs.org/@types/levelup/-/levelup-4.3.3.tgz"
  integrity sha512-K+OTIjJcZHVlZQN1HmU64VtrC0jC3dXWQozuEIR9zVvltIk90zaGPM2AgT+fIkChpzHhFE3YnvFLCbLtzAmexA==
  dependencies:
    "@types/abstract-leveldown" "*"
    "@types/level-errors" "*"
    "@types/node" "*"

"@types/node@*":
  version "17.0.35"
  resolved "https://registry.npmjs.org/@types/node/-/node-17.0.35.tgz"
  integrity sha512-vu1SrqBjbbZ3J6vwY17jBs8Sr/BKA+/a/WtjRG+whKg1iuLFOosq872EXS0eXWILdO36DHQQeku/ZcL6hz2fpg==

"@types/pbkdf2@^3.0.0":
  version "3.1.0"
  resolved "https://registry.npmjs.org/@types/pbkdf2/-/pbkdf2-3.1.0.tgz"
  integrity sha512-Cf63Rv7jCQ0LaL8tNXmEyqTHuIJxRdlS5vMh1mj5voN4+QFhVZnlZruezqpWYDiJ8UTzhP0VmeLXCmBk66YrMQ==
  dependencies:
    "@types/node" "*"

"@types/secp256k1@^4.0.1":
  version "4.0.3"
  resolved "https://registry.npmjs.org/@types/secp256k1/-/secp256k1-4.0.3.tgz"
  integrity sha512-Da66lEIFeIz9ltsdMZcpQvmrmmoqrfju8pm1BH8WbYjZSwUgCwXLb9C+9XYogwBITnbsSaMdVPb2ekf7TV+03w==
  dependencies:
    "@types/node" "*"

abstract-leveldown@^6.2.1:
  version "6.3.0"
  resolved "https://registry.npmjs.org/abstract-leveldown/-/abstract-leveldown-6.3.0.tgz"
  integrity sha512-TU5nlYgta8YrBMNpc9FwQzRbiXsj49gsALsXadbGHt9CROPzX5fB0rWDR5mtdpOOKa5XqRFpbj1QroPAoPzVjQ==
  dependencies:
    buffer "^5.5.0"
    immediate "^3.2.3"
    level-concat-iterator "~2.0.0"
    level-supports "~1.0.0"
    xtend "~4.0.0"

abstract-leveldown@~6.2.1:
  version "6.2.3"
  resolved "https://registry.npmjs.org/abstract-leveldown/-/abstract-leveldown-6.2.3.tgz"
  integrity sha512-BsLm5vFMRUrrLeCcRc+G0t2qOaTzpoJQLOubq2XM72eNpjF5UdU5o/5NvlNhx95XHcAvcl8OMXr4mlg/fRgUXQ==
  dependencies:
    buffer "^5.5.0"
    immediate "^3.2.3"
    level-concat-iterator "~2.0.0"
    level-supports "~1.0.0"
    xtend "~4.0.0"

async-eventemitter@^0.2.4:
  version "0.2.4"
  resolved "https://registry.npmjs.org/async-eventemitter/-/async-eventemitter-0.2.4.tgz"
  integrity sha512-pd20BwL7Yt1zwDFy+8MX8F1+WCT8aQeKj0kQnTrH9WaeRETlRamVhD0JtRPmrV4GfOJ2F9CvdQkZeZhnh2TuHw==
  dependencies:
    async "^2.4.0"

async@^2.4.0:
  version "2.6.4"
  resolved "https://registry.npmjs.org/async/-/async-2.6.4.tgz"
  integrity sha512-mzo5dfJYwAn29PeiJ0zvwTo04zj8HDJj0Mn8TD7sno7q12prdbnasKJHhkm2c1LgrhlJ0teaea8860oxi51mGA==
  dependencies:
    lodash "^4.17.14"

base-x@^3.0.2:
  version "3.0.9"
  resolved "https://registry.npmjs.org/base-x/-/base-x-3.0.9.tgz"
  integrity sha512-H7JU6iBHTal1gp56aKoaa//YUxEaAOUiydvrV/pILqIHXTtqxSkATOnDA2u+jZ/61sD+L/412+7kzXRtWukhpQ==
  dependencies:
    safe-buffer "^5.0.1"

base64-js@^1.3.1:
  version "1.5.1"
  resolved "https://registry.npmjs.org/base64-js/-/base64-js-1.5.1.tgz"
  integrity sha512-AKpaYlHn8t4SVbOHCy+b5+KKgvR4vrsD8vbvrbiQJps7fKDTkjkDry6ji0rUJjC0kzbNePLwzxq8iypo41qeWA==

blakejs@^1.1.0:
  version "1.2.1"
  resolved "https://registry.npmjs.org/blakejs/-/blakejs-1.2.1.tgz"
  integrity sha512-QXUSXI3QVc/gJME0dBpXrag1kbzOqCjCX8/b54ntNyW6sjtoqxqRk3LTmXzaJoh71zMsDCjM+47jS7XiwN/+fQ==

bn.js@^4.0.0, bn.js@^4.11.9:
  version "4.12.0"
  resolved "https://registry.npmjs.org/bn.js/-/bn.js-4.12.0.tgz"
  integrity sha512-c98Bf3tPniI+scsdk237ku1Dc3ujXQTSgyiPUDEOe7tRkhrqridvh8klBv0HCEso1OLOYcHuCv/cS6DNxKH+ZA==

bn.js@^5.1.2, bn.js@^5.2.0, bn.js@^5.2.1:
  version "5.2.1"
  resolved "https://registry.npmjs.org/bn.js/-/bn.js-5.2.1.tgz"
  integrity sha512-eXRvHzWyYPBuB4NBy0cmYQjGitUrtqwbvlzP3G6VFnNRbsZQIxQ10PbKKHt8gZ/HW/D/747aDl+QkDqg3KQLMQ==

brorand@^1.0.1, brorand@^1.1.0:
  version "1.1.0"
  resolved "https://registry.npmjs.org/brorand/-/brorand-1.1.0.tgz"
  integrity sha512-cKV8tMCEpQs4hK/ik71d6LrPOnpkpGBR0wzxqr68g2m/LB2GxVYQroAjMJZRVM1Y4BCjCKc3vAamxSzOY2RP+w==

browserify-aes@^1.2.0:
  version "1.2.0"
  resolved "https://registry.npmjs.org/browserify-aes/-/browserify-aes-1.2.0.tgz"
  integrity sha512-+7CHXqGuspUn/Sl5aO7Ea0xWGAtETPXNSAjHo48JfLdPWcMng33Xe4znFvQweqc/uzk5zSOI3H52CYnjCfb5hA==
  dependencies:
    buffer-xor "^1.0.3"
    cipher-base "^1.0.0"
    create-hash "^1.1.0"
    evp_bytestokey "^1.0.3"
    inherits "^2.0.1"
    safe-buffer "^5.0.1"

bs58@^4.0.0:
  version "4.0.1"
  resolved "https://registry.npmjs.org/bs58/-/bs58-4.0.1.tgz"
  integrity sha512-Ok3Wdf5vOIlBrgCvTq96gBkJw+JUEzdBgyaza5HLtPm7yTHkjRy8+JzNyHF7BHa0bNWOQIp3m5YF0nnFcOIKLw==
  dependencies:
    base-x "^3.0.2"

bs58check@^2.1.2:
  version "2.1.2"
  resolved "https://registry.npmjs.org/bs58check/-/bs58check-2.1.2.tgz"
  integrity sha512-0TS1jicxdU09dwJMNZtVAfzPi6Q6QeN0pM1Fkzrjn+XYHvzMKPU3pHVpva+769iNVSfIYWf7LJ6WR+BuuMf8cA==
  dependencies:
    bs58 "^4.0.0"
    create-hash "^1.1.0"
    safe-buffer "^5.1.2"

buffer-xor@^1.0.3:
  version "1.0.3"
  resolved "https://registry.npmjs.org/buffer-xor/-/buffer-xor-1.0.3.tgz"
  integrity sha512-571s0T7nZWK6vB67HI5dyUF7wXiNcfaPPPTl6zYCNApANjIvYJTg7hlud/+cJpdAhS7dVzqMLmfhfHR3rAcOjQ==

buffer-xor@^2.0.1:
  version "2.0.2"
  resolved "https://registry.npmjs.org/buffer-xor/-/buffer-xor-2.0.2.tgz"
  integrity sha512-eHslX0bin3GB+Lx2p7lEYRShRewuNZL3fUl4qlVJGGiwoPGftmt8JQgk2Y9Ji5/01TnVDo33E5b5O3vUB1HdqQ==
  dependencies:
    safe-buffer "^5.1.1"

buffer@^5.5.0, buffer@^5.6.0:
  version "5.7.1"
  resolved "https://registry.npmjs.org/buffer/-/buffer-5.7.1.tgz"
  integrity sha512-EHcyIPBQ4BSGlvjB16k5KgAJ27CIsHY/2JBmCRReo48y9rQ3MaUzWX3KVlBa4U7MyX02HdVj0K7C3WaB3ju7FQ==
  dependencies:
    base64-js "^1.3.1"
    ieee754 "^1.1.13"

cipher-base@^1.0.0, cipher-base@^1.0.1, cipher-base@^1.0.3:
  version "1.0.4"
  resolved "https://registry.npmjs.org/cipher-base/-/cipher-base-1.0.4.tgz"
  integrity sha512-Kkht5ye6ZGmwv40uUDZztayT2ThLQGfnj/T71N/XzeZeo3nf8foyW7zGTsPYkEya3m5f3cAypH+qe7YOrM1U2Q==
  dependencies:
    inherits "^2.0.1"
    safe-buffer "^5.0.1"

command-exists@^1.2.8:
  version "1.2.9"
  resolved "https://registry.npmjs.org/command-exists/-/command-exists-1.2.9.tgz"
  integrity sha512-LTQ/SGc+s0Xc0Fu5WaKnR0YiygZkm9eKFvyS+fRsU7/ZWFF8ykFM6Pc9aCVf1+xasOOZpO3BAVgVrKvsqKHV7w==

commander@^8.1.0:
  version "8.3.0"
  resolved "https://registry.npmjs.org/commander/-/commander-8.3.0.tgz"
  integrity sha512-OkTL9umf+He2DZkUq8f8J9of7yL6RJKI24dVITBmNfZBmri9zYZQrKkuXiKhyfPSu8tUhnVBB1iKXevvnlR4Ww==

core-js-pure@^3.0.1:
  version "3.22.7"
  resolved "https://registry.npmjs.org/core-js-pure/-/core-js-pure-3.22.7.tgz"
  integrity sha512-wTriFxiZI+C8msGeh7fJcbC/a0V8fdInN1oS2eK79DMBGs8iIJiXhtFJCiT3rBa8w6zroHWW3p8ArlujZ/Mz+w==

crc-32@^1.2.0:
  version "1.2.2"
  resolved "https://registry.npmjs.org/crc-32/-/crc-32-1.2.2.tgz"
  integrity sha512-ROmzCKrTnOwybPcJApAA6WBWij23HVfGVNKqqrZpuyZOHqK2CwHSvpGuyt/UNNvaIjEd8X5IFGp4Mh+Ie1IHJQ==

create-hash@^1.1.0, create-hash@^1.1.2, create-hash@^1.2.0:
  version "1.2.0"
  resolved "https://registry.npmjs.org/create-hash/-/create-hash-1.2.0.tgz"
  integrity sha512-z00bCGNHDG8mHAkP7CtT1qVu+bFQUPjYq/4Iv3C3kWjTFV10zIjfSoeqXo9Asws8gwSHDGj/hl2u4OGIjapeCg==
  dependencies:
    cipher-base "^1.0.1"
    inherits "^2.0.1"
    md5.js "^1.3.4"
    ripemd160 "^2.0.1"
    sha.js "^2.4.0"

create-hmac@^1.1.4, create-hmac@^1.1.7:
  version "1.1.7"
  resolved "https://registry.npmjs.org/create-hmac/-/create-hmac-1.1.7.tgz"
  integrity sha512-MJG9liiZ+ogc4TzUwuvbER1JRdgvUFSB5+VR/g5h82fGaIRWMWddtKBHi7/sVhfjQZ6SehlyhvQYrcYkaUIpLg==
  dependencies:
    cipher-base "^1.0.3"
    create-hash "^1.1.0"
    inherits "^2.0.1"
    ripemd160 "^2.0.0"
    safe-buffer "^5.0.1"
    sha.js "^2.4.8"

debug@^4.3.3:
  version "4.3.4"
  resolved "https://registry.npmjs.org/debug/-/debug-4.3.4.tgz"
  integrity sha512-PRWFHuSU3eDtQJPvnNY7Jcket1j0t5OuOsFzPPzsekD52Zl8qUfFIPEiswXqIvHWGVHOgX+7G/vCNNhehwxfkQ==
  dependencies:
    ms "2.1.2"

deferred-leveldown@~5.3.0:
  version "5.3.0"
  resolved "https://registry.npmjs.org/deferred-leveldown/-/deferred-leveldown-5.3.0.tgz"
  integrity sha512-a59VOT+oDy7vtAbLRCZwWgxu2BaCfd5Hk7wxJd48ei7I+nsg8Orlb9CLG0PMZienk9BSUKgeAqkO2+Lw+1+Ukw==
  dependencies:
    abstract-leveldown "~6.2.1"
    inherits "^2.0.3"

elliptic@6.5.4, elliptic@^6.5.4:
  version "6.5.4"
  resolved "https://registry.npmjs.org/elliptic/-/elliptic-6.5.4.tgz"
  integrity sha512-iLhC6ULemrljPZb+QutR5TQGB+pdW6KGD5RSegS+8sorOZT+rdQFbsQFJgvN3eRqNALqJer4oQ16YvJHlU8hzQ==
  dependencies:
    bn.js "^4.11.9"
    brorand "^1.1.0"
    hash.js "^1.0.0"
    hmac-drbg "^1.0.1"
    inherits "^2.0.4"
    minimalistic-assert "^1.0.1"
    minimalistic-crypto-utils "^1.0.1"

encoding-down@^6.3.0:
  version "6.3.0"
  resolved "https://registry.npmjs.org/encoding-down/-/encoding-down-6.3.0.tgz"
  integrity sha512-QKrV0iKR6MZVJV08QY0wp1e7vF6QbhnbQhb07bwpEyuz4uZiZgPlEGdkCROuFkUwdxlFaiPIhjyarH1ee/3vhw==
  dependencies:
    abstract-leveldown "^6.2.1"
    inherits "^2.0.3"
    level-codec "^9.0.0"
    level-errors "^2.0.0"

errno@~0.1.1:
  version "0.1.8"
  resolved "https://registry.npmjs.org/errno/-/errno-0.1.8.tgz"
  integrity sha512-dJ6oBr5SQ1VSd9qkk7ByRgb/1SH4JZjCHSW/mr63/QcXO9zLVxvJ6Oy13nio03rxpSnVDDjFor75SjVeZWPW/A==
  dependencies:
    prr "~1.0.1"

ethereum-cryptography@^0.1.3:
  version "0.1.3"
  resolved "https://registry.npmjs.org/ethereum-cryptography/-/ethereum-cryptography-0.1.3.tgz"
  integrity sha512-w8/4x1SGGzc+tO97TASLja6SLd3fRIK2tLVcV2Gx4IB21hE19atll5Cq9o3d0ZmAYC/8aw0ipieTSiekAea4SQ==
  dependencies:
    "@types/pbkdf2" "^3.0.0"
    "@types/secp256k1" "^4.0.1"
    blakejs "^1.1.0"
    browserify-aes "^1.2.0"
    bs58check "^2.1.2"
    create-hash "^1.2.0"
    create-hmac "^1.1.7"
    hash.js "^1.1.7"
    keccak "^3.0.0"
    pbkdf2 "^3.0.17"
    randombytes "^2.1.0"
    safe-buffer "^5.1.2"
    scrypt-js "^3.0.0"
    secp256k1 "^4.0.1"
    setimmediate "^1.0.5"

ethereumjs-util@^7.1.1, ethereumjs-util@^7.1.4:
  version "7.1.4"
  resolved "https://registry.npmjs.org/ethereumjs-util/-/ethereumjs-util-7.1.4.tgz"
  integrity sha512-p6KmuPCX4mZIqsQzXfmSx9Y0l2hqf+VkAiwSisW3UKUFdk8ZkAt+AYaor83z2nSi6CU2zSsXMlD80hAbNEGM0A==
  dependencies:
    "@types/bn.js" "^5.1.0"
    bn.js "^5.1.2"
    create-hash "^1.1.2"
    ethereum-cryptography "^0.1.3"
    rlp "^2.2.4"

evp_bytestokey@^1.0.3:
  version "1.0.3"
  resolved "https://registry.npmjs.org/evp_bytestokey/-/evp_bytestokey-1.0.3.tgz"
  integrity sha512-/f2Go4TognH/KvCISP7OUsHn85hT9nUkxxA9BEWxFn+Oj9o8ZNLm/40hdlgSLyuOimsrTKLUMEorQexp/aPQeA==
  dependencies:
    md5.js "^1.3.4"
    safe-buffer "^5.1.1"

follow-redirects@^1.12.1:
  version "1.15.1"
  resolved "https://registry.npmjs.org/follow-redirects/-/follow-redirects-1.15.1.tgz"
  integrity sha512-yLAMQs+k0b2m7cVxpS1VKJVvoz7SS9Td1zss3XRwXj+ZDH00RJgnuLx7E44wx02kQLrdM3aOOy+FpzS7+8OizA==

functional-red-black-tree@^1.0.1, functional-red-black-tree@~1.0.1:
  version "1.0.1"
  resolved "https://registry.npmjs.org/functional-red-black-tree/-/functional-red-black-tree-1.0.1.tgz"
  integrity sha1-GwqzvVU7Kg1jmdKcDj6gslIHgyc=

hash-base@^3.0.0:
  version "3.1.0"
  resolved "https://registry.npmjs.org/hash-base/-/hash-base-3.1.0.tgz"
  integrity sha512-1nmYp/rhMDiE7AYkDw+lLwlAzz0AntGIe51F3RfFfEqyQ3feY2eI/NcwC6umIQVOASPMsWJLJScWKSSvzL9IVA==
  dependencies:
    inherits "^2.0.4"
    readable-stream "^3.6.0"
    safe-buffer "^5.2.0"

hash.js@1.1.7, hash.js@^1.0.0, hash.js@^1.0.3, hash.js@^1.1.7:
  version "1.1.7"
  resolved "https://registry.npmjs.org/hash.js/-/hash.js-1.1.7.tgz"
  integrity sha512-taOaskGt4z4SOANNseOviYDvjEJinIkRgmp7LbKP2YTTmVxWBl87s/uzK9r+44BclBSp2X7K1hqeNfz9JbBeXA==
  dependencies:
    inherits "^2.0.3"
    minimalistic-assert "^1.0.1"

hmac-drbg@^1.0.1:
  version "1.0.1"
  resolved "https://registry.npmjs.org/hmac-drbg/-/hmac-drbg-1.0.1.tgz"
  integrity sha1-0nRXAQJabHdabFRXk+1QL8DGSaE=
  dependencies:
    hash.js "^1.0.3"
    minimalistic-assert "^1.0.0"
    minimalistic-crypto-utils "^1.0.1"

ieee754@^1.1.13:
  version "1.2.1"
  resolved "https://registry.npmjs.org/ieee754/-/ieee754-1.2.1.tgz"
  integrity sha512-dcyqhDvX1C46lXZcVqCpK+FtMRQVdIMN6/Df5js2zouUsqG7I6sFxitIC+7KYK29KdXOLHdu9zL4sFnoVQnqaA==

immediate@^3.2.3:
  version "3.3.0"
  resolved "https://registry.npmjs.org/immediate/-/immediate-3.3.0.tgz"
  integrity sha512-HR7EVodfFUdQCTIeySw+WDRFJlPcLOJbXfwwZ7Oom6tjsvZ3bOkCDJHehQC3nxJrv7+f9XecwazynjU8e4Vw3Q==

immediate@~3.2.3:
  version "3.2.3"
  resolved "https://registry.npmjs.org/immediate/-/immediate-3.2.3.tgz"
  integrity sha1-0UD6j2FGWb1lQSMwl92qwlzdmRw=

inherits@^2.0.1, inherits@^2.0.3, inherits@^2.0.4, inherits@~2.0.1:
  version "2.0.4"
  resolved "https://registry.npmjs.org/inherits/-/inherits-2.0.4.tgz"
  integrity sha512-k/vGaX4/Yla3WzyMCvTQOXYeIHvqOKtnqBduzTHpzpQZzAskKMhZ2K+EnBiSM9zGSoIFeMpXKxa4dYeZIQqewQ==

js-sha3@0.8.0:
  version "0.8.0"
  resolved "https://registry.npmjs.org/js-sha3/-/js-sha3-0.8.0.tgz"
  integrity sha512-gF1cRrHhIzNfToc802P800N8PpXS+evLLXfsVpowqmAFR9uwbi89WvXg2QspOmXL8QL86J4T1EpFu+yUkwJY3Q==

keccak@^3.0.0:
  version "3.0.2"
  resolved "https://registry.npmjs.org/keccak/-/keccak-3.0.2.tgz"
  integrity sha512-PyKKjkH53wDMLGrvmRGSNWgmSxZOUqbnXwKL9tmgbFYA1iAYqW21kfR7mZXV0MlESiefxQQE9X9fTa3X+2MPDQ==
  dependencies:
    node-addon-api "^2.0.0"
    node-gyp-build "^4.2.0"
    readable-stream "^3.6.0"

level-codec@^9.0.0:
  version "9.0.2"
  resolved "https://registry.npmjs.org/level-codec/-/level-codec-9.0.2.tgz"
  integrity sha512-UyIwNb1lJBChJnGfjmO0OR+ezh2iVu1Kas3nvBS/BzGnx79dv6g7unpKIDNPMhfdTEGoc7mC8uAu51XEtX+FHQ==
  dependencies:
    buffer "^5.6.0"

level-concat-iterator@~2.0.0:
  version "2.0.1"
  resolved "https://registry.npmjs.org/level-concat-iterator/-/level-concat-iterator-2.0.1.tgz"
  integrity sha512-OTKKOqeav2QWcERMJR7IS9CUo1sHnke2C0gkSmcR7QuEtFNLLzHQAvnMw8ykvEcv0Qtkg0p7FOwP1v9e5Smdcw==

level-errors@^2.0.0, level-errors@~2.0.0:
  version "2.0.1"
  resolved "https://registry.npmjs.org/level-errors/-/level-errors-2.0.1.tgz"
  integrity sha512-UVprBJXite4gPS+3VznfgDSU8PTRuVX0NXwoWW50KLxd2yw4Y1t2JUR5In1itQnudZqRMT9DlAM3Q//9NCjCFw==
  dependencies:
    errno "~0.1.1"

level-iterator-stream@~4.0.0:
  version "4.0.2"
  resolved "https://registry.npmjs.org/level-iterator-stream/-/level-iterator-stream-4.0.2.tgz"
  integrity sha512-ZSthfEqzGSOMWoUGhTXdX9jv26d32XJuHz/5YnuHZzH6wldfWMOVwI9TBtKcya4BKTyTt3XVA0A3cF3q5CY30Q==
  dependencies:
    inherits "^2.0.4"
    readable-stream "^3.4.0"
    xtend "^4.0.2"

level-mem@^5.0.1:
  version "5.0.1"
  resolved "https://registry.npmjs.org/level-mem/-/level-mem-5.0.1.tgz"
  integrity sha512-qd+qUJHXsGSFoHTziptAKXoLX87QjR7v2KMbqncDXPxQuCdsQlzmyX+gwrEHhlzn08vkf8TyipYyMmiC6Gobzg==
  dependencies:
    level-packager "^5.0.3"
    memdown "^5.0.0"

level-packager@^5.0.3:
  version "5.1.1"
  resolved "https://registry.npmjs.org/level-packager/-/level-packager-5.1.1.tgz"
  integrity sha512-HMwMaQPlTC1IlcwT3+swhqf/NUO+ZhXVz6TY1zZIIZlIR0YSn8GtAAWmIvKjNY16ZkEg/JcpAuQskxsXqC0yOQ==
  dependencies:
    encoding-down "^6.3.0"
    levelup "^4.3.2"

level-supports@~1.0.0:
  version "1.0.1"
  resolved "https://registry.npmjs.org/level-supports/-/level-supports-1.0.1.tgz"
  integrity sha512-rXM7GYnW8gsl1vedTJIbzOrRv85c/2uCMpiiCzO2fndd06U/kUXEEU9evYn4zFggBOg36IsBW8LzqIpETwwQzg==
  dependencies:
    xtend "^4.0.2"

level-ws@^2.0.0:
  version "2.0.0"
  resolved "https://registry.npmjs.org/level-ws/-/level-ws-2.0.0.tgz"
  integrity sha512-1iv7VXx0G9ec1isqQZ7y5LmoZo/ewAsyDHNA8EFDW5hqH2Kqovm33nSFkSdnLLAK+I5FlT+lo5Cw9itGe+CpQA==
  dependencies:
    inherits "^2.0.3"
    readable-stream "^3.1.0"
    xtend "^4.0.1"

levelup@^4.3.2:
  version "4.4.0"
  resolved "https://registry.npmjs.org/levelup/-/levelup-4.4.0.tgz"
  integrity sha512-94++VFO3qN95cM/d6eBXvd894oJE0w3cInq9USsyQzzoJxmiYzPAocNcuGCPGGjoXqDVJcr3C1jzt1TSjyaiLQ==
  dependencies:
    deferred-leveldown "~5.3.0"
    level-errors "~2.0.0"
    level-iterator-stream "~4.0.0"
    level-supports "~1.0.0"
    xtend "~4.0.0"

lodash@^4.17.14:
  version "4.17.21"
  resolved "https://registry.npmjs.org/lodash/-/lodash-4.17.21.tgz"
  integrity sha512-v2kDEe57lecTulaDIuNTPy3Ry4gLGJ6Z1O3vE1krgXZNrsQ+LFTGHVxVjcXPs17LhbZVGedAJv8XZ1tvj5FvSg==

lru-cache@^5.1.1:
  version "5.1.1"
  resolved "https://registry.npmjs.org/lru-cache/-/lru-cache-5.1.1.tgz"
  integrity sha512-KpNARQA3Iwv+jTA0utUVVbrh+Jlrr1Fv0e56GGzAFOXN7dk/FviaDW8LHmK52DlcH4WP2n6gI8vN1aesBFgo9w==
  dependencies:
    yallist "^3.0.2"

ltgt@~2.2.0:
  version "2.2.1"
  resolved "https://registry.npmjs.org/ltgt/-/ltgt-2.2.1.tgz"
  integrity sha1-81ypHEk/e3PaDgdJUwTxezH4fuU=

mcl-wasm@^0.7.1:
  version "0.7.9"
  resolved "https://registry.npmjs.org/mcl-wasm/-/mcl-wasm-0.7.9.tgz"
  integrity sha512-iJIUcQWA88IJB/5L15GnJVnSQJmf/YaxxV6zRavv83HILHaJQb6y0iFyDMdDO0gN8X37tdxmAOrH/P8B6RB8sQ==

md5.js@^1.3.4:
  version "1.3.5"
  resolved "https://registry.npmjs.org/md5.js/-/md5.js-1.3.5.tgz"
  integrity sha512-xitP+WxNPcTTOgnTJcrhM0xvdPepipPSf3I8EIpGKeFLjt3PlJLIDG3u8EX53ZIubkb+5U2+3rELYpEhHhzdkg==
  dependencies:
    hash-base "^3.0.0"
    inherits "^2.0.1"
    safe-buffer "^5.1.2"

memdown@^5.0.0:
  version "5.1.0"
  resolved "https://registry.npmjs.org/memdown/-/memdown-5.1.0.tgz"
  integrity sha512-B3J+UizMRAlEArDjWHTMmadet+UKwHd3UjMgGBkZcKAxAYVPS9o0Yeiha4qvz7iGiL2Sb3igUft6p7nbFWctpw==
  dependencies:
    abstract-leveldown "~6.2.1"
    functional-red-black-tree "~1.0.1"
    immediate "~3.2.3"
    inherits "~2.0.1"
    ltgt "~2.2.0"
    safe-buffer "~5.2.0"

memorystream@^0.3.1:
  version "0.3.1"
  resolved "https://registry.npmjs.org/memorystream/-/memorystream-0.3.1.tgz"
  integrity sha1-htcJCzDORV1j+64S3aUaR93K+bI=

merkle-patricia-tree@^4.2.4:
  version "4.2.4"
  resolved "https://registry.npmjs.org/merkle-patricia-tree/-/merkle-patricia-tree-4.2.4.tgz"
  integrity sha512-eHbf/BG6eGNsqqfbLED9rIqbsF4+sykEaBn6OLNs71tjclbMcMOk1tEPmJKcNcNCLkvbpY/lwyOlizWsqPNo8w==
  dependencies:
    "@types/levelup" "^4.3.0"
    ethereumjs-util "^7.1.4"
    level-mem "^5.0.1"
    level-ws "^2.0.0"
    readable-stream "^3.6.0"
    semaphore-async-await "^1.5.1"

miller-rabin@^4.0.0:
  version "4.0.1"
  resolved "https://registry.npmjs.org/miller-rabin/-/miller-rabin-4.0.1.tgz"
  integrity sha512-115fLhvZVqWwHPbClyntxEVfVDfl9DLLTuJvq3g2O/Oxi8AiNouAHvDSzHS0viUJc+V5vm3eq91Xwqn9dp4jRA==
  dependencies:
    bn.js "^4.0.0"
    brorand "^1.0.1"

minimalistic-assert@^1.0.0, minimalistic-assert@^1.0.1:
  version "1.0.1"
  resolved "https://registry.npmjs.org/minimalistic-assert/-/minimalistic-assert-1.0.1.tgz"
  integrity sha512-UtJcAD4yEaGtjPezWuO9wC4nwUnVH/8/Im3yEHQP4b67cXlD/Qr9hdITCU1xDbSEXg2XKNaP8jsReV7vQd00/A==

minimalistic-crypto-utils@^1.0.1:
  version "1.0.1"
  resolved "https://registry.npmjs.org/minimalistic-crypto-utils/-/minimalistic-crypto-utils-1.0.1.tgz"
  integrity sha1-9sAMHAsIIkblxNmd+4x8CDsrWCo=

ms@2.1.2:
  version "2.1.2"
  resolved "https://registry.npmjs.org/ms/-/ms-2.1.2.tgz"
  integrity sha512-sGkPx+VjMtmA6MX27oA4FBFELFCZZ4S4XqeGOXCv68tT+jb3vk/RyaKWP0PTKyWtmLSM0b+adUTEvbs1PEaH2w==

node-addon-api@^2.0.0:
  version "2.0.2"
  resolved "https://registry.npmjs.org/node-addon-api/-/node-addon-api-2.0.2.tgz"
  integrity sha512-Ntyt4AIXyaLIuMHF6IOoTakB3K+RWxwtsHNRxllEoA6vPwP9o4866g6YWDLUdnucilZhmkxiHwHr11gAENw+QA==

node-gyp-build@^4.2.0:
  version "4.4.0"
  resolved "https://registry.npmjs.org/node-gyp-build/-/node-gyp-build-4.4.0.tgz"
  integrity sha512-amJnQCcgtRVw9SvoebO3BKGESClrfXGCUTX9hSn1OuGQTQBOZmVd0Z0OlecpuRksKvbsUqALE8jls/ErClAPuQ==

os-tmpdir@~1.0.2:
  version "1.0.2"
  resolved "https://registry.npmjs.org/os-tmpdir/-/os-tmpdir-1.0.2.tgz"
  integrity sha1-u+Z0BseaqFxc/sdm/lc0VV36EnQ=

pbkdf2@^3.0.17:
  version "3.1.2"
  resolved "https://registry.npmjs.org/pbkdf2/-/pbkdf2-3.1.2.tgz"
  integrity sha512-iuh7L6jA7JEGu2WxDwtQP1ddOpaJNC4KlDEFfdQajSGgGPNi4OyDc2R7QnbY2bR9QjBVGwgvTdNJZoE7RaxUMA==
  dependencies:
    create-hash "^1.1.2"
    create-hmac "^1.1.4"
    ripemd160 "^2.0.1"
    safe-buffer "^5.0.1"
    sha.js "^2.4.8"

prettier@^2.6.2:
  version "2.6.2"
  resolved "https://registry.npmjs.org/prettier/-/prettier-2.6.2.tgz"
  integrity sha512-PkUpF+qoXTqhOeWL9fu7As8LXsIUZ1WYaJiY/a7McAQzxjk82OF0tibkFXVCDImZtWxbvojFjerkiLb0/q8mew==

prr@~1.0.1:
  version "1.0.1"
  resolved "https://registry.npmjs.org/prr/-/prr-1.0.1.tgz"
  integrity sha1-0/wRS6BplaRexok/SEzrHXj19HY=

randombytes@^2.1.0:
  version "2.1.0"
  resolved "https://registry.npmjs.org/randombytes/-/randombytes-2.1.0.tgz"
  integrity sha512-vYl3iOX+4CKUWuxGi9Ukhie6fsqXqS9FE2Zaic4tNFD2N2QQaXOMFbuKK4QmDHC0JO6B1Zp41J0LpT0oR68amQ==
  dependencies:
    safe-buffer "^5.1.0"

readable-stream@^3.1.0, readable-stream@^3.4.0, readable-stream@^3.6.0:
  version "3.6.0"
  resolved "https://registry.npmjs.org/readable-stream/-/readable-stream-3.6.0.tgz"
  integrity sha512-BViHy7LKeTz4oNnkcLJ+lVSL6vpiFeX6/d3oSH8zCW7UxP2onchk+vTGB143xuFjHS3deTgkKoXXymXqymiIdA==
  dependencies:
    inherits "^2.0.3"
    string_decoder "^1.1.1"
    util-deprecate "^1.0.1"

ripemd160@^2.0.0, ripemd160@^2.0.1:
  version "2.0.2"
  resolved "https://registry.npmjs.org/ripemd160/-/ripemd160-2.0.2.tgz"
  integrity sha512-ii4iagi25WusVoiC4B4lq7pbXfAp3D9v5CwfkY33vffw2+pkDjY1D8GaN7spsxvCSx8dkPqOZCEZyfxcmJG2IA==
  dependencies:
    hash-base "^3.0.0"
    inherits "^2.0.1"

rlp@^2.2.4:
  version "2.2.7"
  resolved "https://registry.npmjs.org/rlp/-/rlp-2.2.7.tgz"
  integrity sha512-d5gdPmgQ0Z+AklL2NVXr/IoSjNZFfTVvQWzL/AM2AOcSzYP2xjlb0AC8YyCLc41MSNf6P6QVtjgPdmVtzb+4lQ==
  dependencies:
    bn.js "^5.2.0"

rustbn.js@~0.2.0:
  version "0.2.0"
  resolved "https://registry.npmjs.org/rustbn.js/-/rustbn.js-0.2.0.tgz"
  integrity sha512-4VlvkRUuCJvr2J6Y0ImW7NvTCriMi7ErOAqWk1y69vAdoNIzCF3yPmgeNzx+RQTLEDFq5sHfscn1MwHxP9hNfA==

safe-buffer@^5.0.1, safe-buffer@^5.1.0, safe-buffer@^5.1.1, safe-buffer@^5.1.2, safe-buffer@^5.2.0, safe-buffer@~5.2.0:
  version "5.2.1"
  resolved "https://registry.npmjs.org/safe-buffer/-/safe-buffer-5.2.1.tgz"
  integrity sha512-rp3So07KcdmmKbGvgaNxQSJr7bGVSVk5S9Eq1F+ppbRo70+YeaDxkw5Dd8NPN+GD6bjnYm2VuPuCXmpuYvmCXQ==

scrypt-js@^3.0.0:
  version "3.0.1"
  resolved "https://registry.npmjs.org/scrypt-js/-/scrypt-js-3.0.1.tgz"
  integrity sha512-cdwTTnqPu0Hyvf5in5asVdZocVDTNRmR7XEcJuIzMjJeSHybHl7vpB66AzwTaIg6CLSbtjcxc8fqcySfnTkccA==

secp256k1@^4.0.1:
  version "4.0.3"
  resolved "https://registry.npmjs.org/secp256k1/-/secp256k1-4.0.3.tgz"
  integrity sha512-NLZVf+ROMxwtEj3Xa562qgv2BK5e2WNmXPiOdVIPLgs6lyTzMvBq0aWTYMI5XCP9jZMVKOcqZLw/Wc4vDkuxhA==
  dependencies:
    elliptic "^6.5.4"
    node-addon-api "^2.0.0"
    node-gyp-build "^4.2.0"

semaphore-async-await@^1.5.1:
  version "1.5.1"
  resolved "https://registry.npmjs.org/semaphore-async-await/-/semaphore-async-await-1.5.1.tgz"
  integrity sha1-hXvvXjZEYBykuVcLh+nfXKEpdPo=

semver@^5.5.0:
  version "5.7.1"
  resolved "https://registry.npmjs.org/semver/-/semver-5.7.1.tgz"
  integrity sha512-sauaDf/PZdVgrLTNYHRtpXa1iRiKcaebiKQ1BJdpQlWH2lCvexQdX55snPFyK7QzpudqbCI0qXFfOasHdyNDGQ==

setimmediate@^1.0.5:
  version "1.0.5"
  resolved "https://registry.npmjs.org/setimmediate/-/setimmediate-1.0.5.tgz"
  integrity sha1-KQy7Iy4waULX1+qbg3Mqt4VvgoU=

sha.js@^2.4.0, sha.js@^2.4.8:
  version "2.4.11"
  resolved "https://registry.npmjs.org/sha.js/-/sha.js-2.4.11.tgz"
  integrity sha512-QMEp5B7cftE7APOjk5Y6xgrbWu+WkLVQwk8JNjZ8nKRciZaByEW6MubieAiToS7+dwvrjGhH8jRXz3MVd0AYqQ==
  dependencies:
    inherits "^2.0.1"
    safe-buffer "^5.0.1"

solc@0.8.13:
  version "0.8.13"
  resolved "https://registry.yarnpkg.com/solc/-/solc-0.8.13.tgz#bafc7fcc11a627e2281e489076b80497123bb704"
  integrity sha512-C0yTN+rjEOGO6uVOXI8+EKa75SFMuZpQ2tryex4QxWIg0HRWZvCHKfVPuLZ5wx06Sb6GBp6uQA5yqQyXZnXOJw==
  dependencies:
    command-exists "^1.2.8"
    commander "^8.1.0"
    follow-redirects "^1.12.1"
    js-sha3 "0.8.0"
    memorystream "^0.3.1"
    semver "^5.5.0"
    tmp "0.0.33"

string_decoder@^1.1.1:
  version "1.3.0"
  resolved "https://registry.npmjs.org/string_decoder/-/string_decoder-1.3.0.tgz"
  integrity sha512-hkRX8U1WjJFd8LsDJ2yQ/wWWxaopEsABU1XfkM8A+j0+85JAGppt16cr1Whg6KIbb4okU6Mql6BOj+uup/wKeA==
  dependencies:
    safe-buffer "~5.2.0"

tmp@0.0.33:
  version "0.0.33"
  resolved "https://registry.npmjs.org/tmp/-/tmp-0.0.33.tgz"
  integrity sha512-jRCJlojKnZ3addtTOjdIqoRuPEKBvNXcGYqzO6zWZX8KfKEpnGY5jfggJQ3EjKuu8D4bJRr0y+cYJFmYbImXGw==
  dependencies:
    os-tmpdir "~1.0.2"

util-deprecate@^1.0.1:
  version "1.0.2"
  resolved "https://registry.npmjs.org/util-deprecate/-/util-deprecate-1.0.2.tgz"
  integrity sha1-RQ1Nyfpw3nMnYvvS1KKJgUGaDM8=

xmldom@^0.6.0:
  version "0.6.0"
  resolved "https://registry.npmjs.org/xmldom/-/xmldom-0.6.0.tgz"
  integrity sha512-iAcin401y58LckRZ0TkI4k0VSM1Qg0KGSc3i8rU+xrxe19A/BN1zHyVSJY7uoutVlaTSzYyk/v5AmkewAP7jtg==

xtend@^4.0.1, xtend@^4.0.2, xtend@~4.0.0:
  version "4.0.2"
  resolved "https://registry.npmjs.org/xtend/-/xtend-4.0.2.tgz"
  integrity sha512-LKYU1iAXJXUgAXn9URjiu+MWhyUXHsvfp7mcuYm9dSUKK0/CjtrUwFAxD82/mCWbtLsGjFIad0wIsod4zrTAEQ==

yallist@^3.0.2:
  version "3.1.1"
  resolved "https://registry.npmjs.org/yallist/-/yallist-3.1.1.tgz"
  integrity sha512-a4UGQaWPH59mOXUYnAG2ewncQS4i4F43Tv3JoAM+s2VDAmS9NsK8GpDMLrCHPksFT7h3K6TOoUNn2pb7RoXx4g==
